// !$*UTF8*$!
{
	archiveVersion = 1;
	classes = {
	};
	objectVersion = 52;
	objects = {

/* Begin PBXBuildFile section */
		F76F4A1B26D68A9100CABCD2 /* AppDelegate.swift in Sources */ = {isa = PBXBuildFile; fileRef = F76F4A1A26D68A9100CABCD2 /* AppDelegate.swift */; };
		F76F4A1D26D68A9100CABCD2 /* SceneDelegate.swift in Sources */ = {isa = PBXBuildFile; fileRef = F76F4A1C26D68A9100CABCD2 /* SceneDelegate.swift */; };
		F76F4A1F26D68A9100CABCD2 /* AuthViewController.swift in Sources */ = {isa = PBXBuildFile; fileRef = F76F4A1E26D68A9100CABCD2 /* AuthViewController.swift */; };
		F76F4A2426D68A9300CABCD2 /* Assets.xcassets in Resources */ = {isa = PBXBuildFile; fileRef = F76F4A2326D68A9300CABCD2 /* Assets.xcassets */; };
		F76F4A2726D68A9300CABCD2 /* LaunchScreen.storyboard in Resources */ = {isa = PBXBuildFile; fileRef = F76F4A2526D68A9300CABCD2 /* LaunchScreen.storyboard */; };
		F76F4A3226D69C7900CABCD2 /* Alamofire.xcframework in Frameworks */ = {isa = PBXBuildFile; fileRef = F76F4A2F26D69C7900CABCD2 /* Alamofire.xcframework */; };
		F76F4A3326D69C7900CABCD2 /* Alamofire.xcframework in Embed Frameworks */ = {isa = PBXBuildFile; fileRef = F76F4A2F26D69C7900CABCD2 /* Alamofire.xcframework */; settings = {ATTRIBUTES = (CodeSignOnCopy, RemoveHeadersOnCopy, ); }; };
		F76F4A3426D69C7900CABCD2 /* Kingfisher.xcframework in Frameworks */ = {isa = PBXBuildFile; fileRef = F76F4A3026D69C7900CABCD2 /* Kingfisher.xcframework */; };
		F76F4A3526D69C7900CABCD2 /* Kingfisher.xcframework in Embed Frameworks */ = {isa = PBXBuildFile; fileRef = F76F4A3026D69C7900CABCD2 /* Kingfisher.xcframework */; settings = {ATTRIBUTES = (CodeSignOnCopy, RemoveHeadersOnCopy, ); }; };
		F76F4A3626D69C7900CABCD2 /* VKSdkFramework.xcframework in Frameworks */ = {isa = PBXBuildFile; fileRef = F76F4A3126D69C7900CABCD2 /* VKSdkFramework.xcframework */; };
		F76F4A3726D69C7900CABCD2 /* VKSdkFramework.xcframework in Embed Frameworks */ = {isa = PBXBuildFile; fileRef = F76F4A3126D69C7900CABCD2 /* VKSdkFramework.xcframework */; settings = {ATTRIBUTES = (CodeSignOnCopy, RemoveHeadersOnCopy, ); }; };
		F76F4A3A26D69F7600CABCD2 /* NewsFeedViewController.swift in Sources */ = {isa = PBXBuildFile; fileRef = F76F4A3926D69F7600CABCD2 /* NewsFeedViewController.swift */; };
		F76F4A4026D6A08000CABCD2 /* Consts.swift in Sources */ = {isa = PBXBuildFile; fileRef = F76F4A3F26D6A08000CABCD2 /* Consts.swift */; };
		F76F4A4726D6AA6C00CABCD2 /* AuthManager.swift in Sources */ = {isa = PBXBuildFile; fileRef = F76F4A4626D6AA6C00CABCD2 /* AuthManager.swift */; };
		F76F4A4D26D6B57000CABCD2 /* AccountManager.swift in Sources */ = {isa = PBXBuildFile; fileRef = F76F4A4C26D6B57000CABCD2 /* AccountManager.swift */; };
		F76F4A5026D6B8E000CABCD2 /* Credentials.swift in Sources */ = {isa = PBXBuildFile; fileRef = F76F4A4F26D6B8E000CABCD2 /* Credentials.swift */; };
		F7BA1F5A26D6E82900465E97 /* Alert.swift in Sources */ = {isa = PBXBuildFile; fileRef = F7BA1F5926D6E82900465E97 /* Alert.swift */; };
		F7BA1F5C26D7A6FD00465E97 /* UIColor+AppSchemeColors.swift in Sources */ = {isa = PBXBuildFile; fileRef = F7BA1F5B26D7A6FD00465E97 /* UIColor+AppSchemeColors.swift */; };
		F7BA1F6226D7B4C800465E97 /* NewsDataSource.swift in Sources */ = {isa = PBXBuildFile; fileRef = F7BA1F6126D7B4C800465E97 /* NewsDataSource.swift */; };
		F7BA1F6426D7B4F800465E97 /* BaseDataSource.swift in Sources */ = {isa = PBXBuildFile; fileRef = F7BA1F6326D7B4F800465E97 /* BaseDataSource.swift */; };
		F7BA1F6726D7B6CF00465E97 /* .swiftlint.yml in Resources */ = {isa = PBXBuildFile; fileRef = F7BA1F6626D7B6CF00465E97 /* .swiftlint.yml */; };
		F7BA1F6926D7B82100465E97 /* News.swift in Sources */ = {isa = PBXBuildFile; fileRef = F7BA1F6826D7B82100465E97 /* News.swift */; };
		F7BA1F6B26D7B8CE00465E97 /* NFTypes.swift in Sources */ = {isa = PBXBuildFile; fileRef = F7BA1F6A26D7B8CE00465E97 /* NFTypes.swift */; };
		F7BA1F6E26D7BAB800465E97 /* NewsTableViewCell.swift in Sources */ = {isa = PBXBuildFile; fileRef = F7BA1F6C26D7BAB800465E97 /* NewsTableViewCell.swift */; };
		F7BA1F7626D7D86500465E97 /* UIImage+AppIcons.swift in Sources */ = {isa = PBXBuildFile; fileRef = F7BA1F7526D7D86500465E97 /* UIImage+AppIcons.swift */; };
		F7BA1F7826D7DD0D00465E97 /* UILabel+LetterSpacing.swift in Sources */ = {isa = PBXBuildFile; fileRef = F7BA1F7726D7DD0D00465E97 /* UILabel+LetterSpacing.swift */; };
		F7BA1F7A26D7DD2F00465E97 /* UIApplication+TopViewController.swift in Sources */ = {isa = PBXBuildFile; fileRef = F7BA1F7926D7DD2E00465E97 /* UIApplication+TopViewController.swift */; };
		F7BA1F7C26D7DD5000465E97 /* UIView+Constraints.swift in Sources */ = {isa = PBXBuildFile; fileRef = F7BA1F7B26D7DD5000465E97 /* UIView+Constraints.swift */; };
		F7BA1F7E26D7DE9700465E97 /* UILabel+LineHeight.swift in Sources */ = {isa = PBXBuildFile; fileRef = F7BA1F7D26D7DE9700465E97 /* UILabel+LineHeight.swift */; };
		F7BA1F8026D7EB8200465E97 /* UIViewWithXib.swift in Sources */ = {isa = PBXBuildFile; fileRef = F7BA1F7F26D7EB8200465E97 /* UIViewWithXib.swift */; };
		F7BA1F8326D7EC2A00465E97 /* NewsCellHeaderView.swift in Sources */ = {isa = PBXBuildFile; fileRef = F7BA1F8226D7EC2A00465E97 /* NewsCellHeaderView.swift */; };
		F7BA1F8526D7EC3800465E97 /* NewsCellHeaderView.xib in Resources */ = {isa = PBXBuildFile; fileRef = F7BA1F8426D7EC3800465E97 /* NewsCellHeaderView.xib */; };
		F7BA1F8926D7FB1D00465E97 /* Avatar.swift in Sources */ = {isa = PBXBuildFile; fileRef = F7BA1F8826D7FB1D00465E97 /* Avatar.swift */; };
		F7BA1F8B26D7FDBF00465E97 /* Attachment.swift in Sources */ = {isa = PBXBuildFile; fileRef = F7BA1F8A26D7FDBF00465E97 /* Attachment.swift */; };
		F7BA1F8D26D7FDD000465E97 /* Video.swift in Sources */ = {isa = PBXBuildFile; fileRef = F7BA1F8C26D7FDD000465E97 /* Video.swift */; };
		F7BA1F8F26D7FF8B00465E97 /* NewsResponseModel.swift in Sources */ = {isa = PBXBuildFile; fileRef = F7BA1F8E26D7FF8B00465E97 /* NewsResponseModel.swift */; };
		F7BA1F9126D7FF9900465E97 /* User.swift in Sources */ = {isa = PBXBuildFile; fileRef = F7BA1F9026D7FF9900465E97 /* User.swift */; };
		F7BA1F9426D8093B00465E97 /* NewsCellFooterView.swift in Sources */ = {isa = PBXBuildFile; fileRef = F7BA1F9326D8093B00465E97 /* NewsCellFooterView.swift */; };
		F7BA1F9626D8094900465E97 /* NewsCellFooterView.xib in Resources */ = {isa = PBXBuildFile; fileRef = F7BA1F9526D8094900465E97 /* NewsCellFooterView.xib */; };
		F7BA1F9826D828D000465E97 /* UserDefaults+PropertyWrapper.swift in Sources */ = {isa = PBXBuildFile; fileRef = F7BA1F9726D828CF00465E97 /* UserDefaults+PropertyWrapper.swift */; };
		F7BA1FBF26D856A600465E97 /* PhotosCollectionViewCell.swift in Sources */ = {isa = PBXBuildFile; fileRef = F7BA1FBE26D856A600465E97 /* PhotosCollectionViewCell.swift */; };
/* End PBXBuildFile section */

/* Begin PBXCopyFilesBuildPhase section */
		F76F4A3826D69C7900CABCD2 /* Embed Frameworks */ = {
			isa = PBXCopyFilesBuildPhase;
			buildActionMask = 2147483647;
			dstPath = "";
			dstSubfolderSpec = 10;
			files = (
				F76F4A3326D69C7900CABCD2 /* Alamofire.xcframework in Embed Frameworks */,
				F76F4A3526D69C7900CABCD2 /* Kingfisher.xcframework in Embed Frameworks */,
				F76F4A3726D69C7900CABCD2 /* VKSdkFramework.xcframework in Embed Frameworks */,
			);
			name = "Embed Frameworks";
			runOnlyForDeploymentPostprocessing = 0;
		};
/* End PBXCopyFilesBuildPhase section */

/* Begin PBXFileReference section */
		F76F4A1726D68A9100CABCD2 /* NewsFeed.app */ = {isa = PBXFileReference; explicitFileType = wrapper.application; includeInIndex = 0; path = NewsFeed.app; sourceTree = BUILT_PRODUCTS_DIR; };
		F76F4A1A26D68A9100CABCD2 /* AppDelegate.swift */ = {isa = PBXFileReference; lastKnownFileType = sourcecode.swift; path = AppDelegate.swift; sourceTree = "<group>"; };
		F76F4A1C26D68A9100CABCD2 /* SceneDelegate.swift */ = {isa = PBXFileReference; lastKnownFileType = sourcecode.swift; path = SceneDelegate.swift; sourceTree = "<group>"; };
		F76F4A1E26D68A9100CABCD2 /* AuthViewController.swift */ = {isa = PBXFileReference; lastKnownFileType = sourcecode.swift; path = AuthViewController.swift; sourceTree = "<group>"; };
		F76F4A2326D68A9300CABCD2 /* Assets.xcassets */ = {isa = PBXFileReference; lastKnownFileType = folder.assetcatalog; path = Assets.xcassets; sourceTree = "<group>"; };
		F76F4A2626D68A9300CABCD2 /* Base */ = {isa = PBXFileReference; lastKnownFileType = file.storyboard; name = Base; path = Base.lproj/LaunchScreen.storyboard; sourceTree = "<group>"; };
		F76F4A2826D68A9300CABCD2 /* Info.plist */ = {isa = PBXFileReference; lastKnownFileType = text.plist.xml; path = Info.plist; sourceTree = "<group>"; };
		F76F4A2F26D69C7900CABCD2 /* Alamofire.xcframework */ = {isa = PBXFileReference; lastKnownFileType = wrapper.xcframework; name = Alamofire.xcframework; path = Carthage/Build/Alamofire.xcframework; sourceTree = "<group>"; };
		F76F4A3026D69C7900CABCD2 /* Kingfisher.xcframework */ = {isa = PBXFileReference; lastKnownFileType = wrapper.xcframework; name = Kingfisher.xcframework; path = Carthage/Build/Kingfisher.xcframework; sourceTree = "<group>"; };
		F76F4A3126D69C7900CABCD2 /* VKSdkFramework.xcframework */ = {isa = PBXFileReference; lastKnownFileType = wrapper.xcframework; name = VKSdkFramework.xcframework; path = Carthage/Build/VKSdkFramework.xcframework; sourceTree = "<group>"; };
		F76F4A3926D69F7600CABCD2 /* NewsFeedViewController.swift */ = {isa = PBXFileReference; lastKnownFileType = sourcecode.swift; path = NewsFeedViewController.swift; sourceTree = "<group>"; };
		F76F4A3F26D6A08000CABCD2 /* Consts.swift */ = {isa = PBXFileReference; lastKnownFileType = sourcecode.swift; path = Consts.swift; sourceTree = "<group>"; };
		F76F4A4626D6AA6C00CABCD2 /* AuthManager.swift */ = {isa = PBXFileReference; lastKnownFileType = sourcecode.swift; path = AuthManager.swift; sourceTree = "<group>"; };
		F76F4A4C26D6B57000CABCD2 /* AccountManager.swift */ = {isa = PBXFileReference; lastKnownFileType = sourcecode.swift; path = AccountManager.swift; sourceTree = "<group>"; };
		F76F4A4F26D6B8E000CABCD2 /* Credentials.swift */ = {isa = PBXFileReference; lastKnownFileType = sourcecode.swift; path = Credentials.swift; sourceTree = "<group>"; };
		F7BA1F5926D6E82900465E97 /* Alert.swift */ = {isa = PBXFileReference; fileEncoding = 4; lastKnownFileType = sourcecode.swift; path = Alert.swift; sourceTree = "<group>"; };
		F7BA1F5B26D7A6FD00465E97 /* UIColor+AppSchemeColors.swift */ = {isa = PBXFileReference; lastKnownFileType = sourcecode.swift; path = "UIColor+AppSchemeColors.swift"; sourceTree = "<group>"; };
		F7BA1F6126D7B4C800465E97 /* NewsDataSource.swift */ = {isa = PBXFileReference; lastKnownFileType = sourcecode.swift; path = NewsDataSource.swift; sourceTree = "<group>"; };
		F7BA1F6326D7B4F800465E97 /* BaseDataSource.swift */ = {isa = PBXFileReference; fileEncoding = 4; lastKnownFileType = sourcecode.swift; path = BaseDataSource.swift; sourceTree = "<group>"; };
		F7BA1F6626D7B6CF00465E97 /* .swiftlint.yml */ = {isa = PBXFileReference; fileEncoding = 4; lastKnownFileType = text.yaml; path = .swiftlint.yml; sourceTree = "<group>"; };
		F7BA1F6826D7B82100465E97 /* News.swift */ = {isa = PBXFileReference; lastKnownFileType = sourcecode.swift; path = News.swift; sourceTree = "<group>"; };
		F7BA1F6A26D7B8CE00465E97 /* NFTypes.swift */ = {isa = PBXFileReference; lastKnownFileType = sourcecode.swift; path = NFTypes.swift; sourceTree = "<group>"; };
		F7BA1F6C26D7BAB800465E97 /* NewsTableViewCell.swift */ = {isa = PBXFileReference; lastKnownFileType = sourcecode.swift; path = NewsTableViewCell.swift; sourceTree = "<group>"; };
		F7BA1F7526D7D86500465E97 /* UIImage+AppIcons.swift */ = {isa = PBXFileReference; lastKnownFileType = sourcecode.swift; path = "UIImage+AppIcons.swift"; sourceTree = "<group>"; };
		F7BA1F7726D7DD0D00465E97 /* UILabel+LetterSpacing.swift */ = {isa = PBXFileReference; lastKnownFileType = sourcecode.swift; path = "UILabel+LetterSpacing.swift"; sourceTree = "<group>"; };
		F7BA1F7926D7DD2E00465E97 /* UIApplication+TopViewController.swift */ = {isa = PBXFileReference; fileEncoding = 4; lastKnownFileType = sourcecode.swift; path = "UIApplication+TopViewController.swift"; sourceTree = "<group>"; };
		F7BA1F7B26D7DD5000465E97 /* UIView+Constraints.swift */ = {isa = PBXFileReference; fileEncoding = 4; lastKnownFileType = sourcecode.swift; path = "UIView+Constraints.swift"; sourceTree = "<group>"; };
		F7BA1F7D26D7DE9700465E97 /* UILabel+LineHeight.swift */ = {isa = PBXFileReference; lastKnownFileType = sourcecode.swift; path = "UILabel+LineHeight.swift"; sourceTree = "<group>"; };
		F7BA1F7F26D7EB8200465E97 /* UIViewWithXib.swift */ = {isa = PBXFileReference; fileEncoding = 4; lastKnownFileType = sourcecode.swift; path = UIViewWithXib.swift; sourceTree = "<group>"; };
		F7BA1F8226D7EC2A00465E97 /* NewsCellHeaderView.swift */ = {isa = PBXFileReference; lastKnownFileType = sourcecode.swift; path = NewsCellHeaderView.swift; sourceTree = "<group>"; };
		F7BA1F8426D7EC3800465E97 /* NewsCellHeaderView.xib */ = {isa = PBXFileReference; lastKnownFileType = file.xib; path = NewsCellHeaderView.xib; sourceTree = "<group>"; };
		F7BA1F8826D7FB1D00465E97 /* Avatar.swift */ = {isa = PBXFileReference; lastKnownFileType = sourcecode.swift; path = Avatar.swift; sourceTree = "<group>"; };
		F7BA1F8A26D7FDBF00465E97 /* Attachment.swift */ = {isa = PBXFileReference; lastKnownFileType = sourcecode.swift; path = Attachment.swift; sourceTree = "<group>"; };
		F7BA1F8C26D7FDD000465E97 /* Video.swift */ = {isa = PBXFileReference; lastKnownFileType = sourcecode.swift; path = Video.swift; sourceTree = "<group>"; };
		F7BA1F8E26D7FF8B00465E97 /* NewsResponseModel.swift */ = {isa = PBXFileReference; lastKnownFileType = sourcecode.swift; path = NewsResponseModel.swift; sourceTree = "<group>"; };
		F7BA1F9026D7FF9900465E97 /* User.swift */ = {isa = PBXFileReference; lastKnownFileType = sourcecode.swift; path = User.swift; sourceTree = "<group>"; };
		F7BA1F9326D8093B00465E97 /* NewsCellFooterView.swift */ = {isa = PBXFileReference; lastKnownFileType = sourcecode.swift; path = NewsCellFooterView.swift; sourceTree = "<group>"; };
		F7BA1F9526D8094900465E97 /* NewsCellFooterView.xib */ = {isa = PBXFileReference; lastKnownFileType = file.xib; path = NewsCellFooterView.xib; sourceTree = "<group>"; };
		F7BA1F9726D828CF00465E97 /* UserDefaults+PropertyWrapper.swift */ = {isa = PBXFileReference; fileEncoding = 4; lastKnownFileType = sourcecode.swift; path = "UserDefaults+PropertyWrapper.swift"; sourceTree = "<group>"; };
		F7BA1FBE26D856A600465E97 /* PhotosCollectionViewCell.swift */ = {isa = PBXFileReference; lastKnownFileType = sourcecode.swift; path = PhotosCollectionViewCell.swift; sourceTree = "<group>"; };
/* End PBXFileReference section */

/* Begin PBXFrameworksBuildPhase section */
		F76F4A1426D68A9100CABCD2 /* Frameworks */ = {
			isa = PBXFrameworksBuildPhase;
			buildActionMask = 2147483647;
			files = (
				F76F4A3226D69C7900CABCD2 /* Alamofire.xcframework in Frameworks */,
				F76F4A3426D69C7900CABCD2 /* Kingfisher.xcframework in Frameworks */,
				F76F4A3626D69C7900CABCD2 /* VKSdkFramework.xcframework in Frameworks */,
			);
			runOnlyForDeploymentPostprocessing = 0;
		};
/* End PBXFrameworksBuildPhase section */

/* Begin PBXGroup section */
		F76F4A0E26D68A9100CABCD2 = {
			isa = PBXGroup;
			children = (
				F7BA1F6626D7B6CF00465E97 /* .swiftlint.yml */,
				F76F4A1926D68A9100CABCD2 /* NewsFeed */,
				F76F4A1826D68A9100CABCD2 /* Products */,
				F76F4A2E26D69C7900CABCD2 /* Frameworks */,
			);
			sourceTree = "<group>";
		};
		F76F4A1826D68A9100CABCD2 /* Products */ = {
			isa = PBXGroup;
			children = (
				F76F4A1726D68A9100CABCD2 /* NewsFeed.app */,
			);
			name = Products;
			sourceTree = "<group>";
		};
		F76F4A1926D68A9100CABCD2 /* NewsFeed */ = {
			isa = PBXGroup;
			children = (
				F7BA1F5D26D7B17E00465E97 /* Views */,
				F76F4A4426D6AA4E00CABCD2 /* Data */,
				F76F4A4126D6A9DC00CABCD2 /* Extensions */,
				F76F4A3E26D6A07300CABCD2 /* Utils */,
				F76F4A3D26D69FD500CABCD2 /* Supporting Files */,
				F76F4A3B26D69FBF00CABCD2 /* View Controllers */,
			);
			path = NewsFeed;
			sourceTree = "<group>";
		};
		F76F4A2E26D69C7900CABCD2 /* Frameworks */ = {
			isa = PBXGroup;
			children = (
				F76F4A2F26D69C7900CABCD2 /* Alamofire.xcframework */,
				F76F4A3026D69C7900CABCD2 /* Kingfisher.xcframework */,
				F76F4A3126D69C7900CABCD2 /* VKSdkFramework.xcframework */,
			);
			name = Frameworks;
			sourceTree = "<group>";
		};
		F76F4A3B26D69FBF00CABCD2 /* View Controllers */ = {
			isa = PBXGroup;
			children = (
				F76F4A1E26D68A9100CABCD2 /* AuthViewController.swift */,
				F76F4A3926D69F7600CABCD2 /* NewsFeedViewController.swift */,
			);
			path = "View Controllers";
			sourceTree = "<group>";
		};
		F76F4A3D26D69FD500CABCD2 /* Supporting Files */ = {
			isa = PBXGroup;
			children = (
				F76F4A2526D68A9300CABCD2 /* LaunchScreen.storyboard */,
				F76F4A1A26D68A9100CABCD2 /* AppDelegate.swift */,
				F76F4A2326D68A9300CABCD2 /* Assets.xcassets */,
				F76F4A2826D68A9300CABCD2 /* Info.plist */,
				F76F4A1C26D68A9100CABCD2 /* SceneDelegate.swift */,
			);
			path = "Supporting Files";
			sourceTree = "<group>";
		};
		F76F4A3E26D6A07300CABCD2 /* Utils */ = {
			isa = PBXGroup;
			children = (
				F76F4A3F26D6A08000CABCD2 /* Consts.swift */,
				F7BA1F6A26D7B8CE00465E97 /* NFTypes.swift */,
				F7BA1F9726D828CF00465E97 /* UserDefaults+PropertyWrapper.swift */,
				F7BA1F5926D6E82900465E97 /* Alert.swift */,
			);
			path = Utils;
			sourceTree = "<group>";
		};
		F76F4A4126D6A9DC00CABCD2 /* Extensions */ = {
			isa = PBXGroup;
			children = (
				F7BA1F7726D7DD0D00465E97 /* UILabel+LetterSpacing.swift */,
				F7BA1F7D26D7DE9700465E97 /* UILabel+LineHeight.swift */,
				F7BA1F7926D7DD2E00465E97 /* UIApplication+TopViewController.swift */,
				F7BA1F5B26D7A6FD00465E97 /* UIColor+AppSchemeColors.swift */,
				F7BA1F7B26D7DD5000465E97 /* UIView+Constraints.swift */,
				F7BA1F7526D7D86500465E97 /* UIImage+AppIcons.swift */,
			);
			path = Extensions;
			sourceTree = "<group>";
		};
		F76F4A4426D6AA4E00CABCD2 /* Data */ = {
			isa = PBXGroup;
			children = (
				F7BA1F6026D7B49800465E97 /* Data Source */,
				F76F4A4E26D6B8D000CABCD2 /* Models */,
				F76F4A4526D6AA5B00CABCD2 /* Managers */,
			);
			path = Data;
			sourceTree = "<group>";
		};
		F76F4A4526D6AA5B00CABCD2 /* Managers */ = {
			isa = PBXGroup;
			children = (
				F76F4A4626D6AA6C00CABCD2 /* AuthManager.swift */,
				F76F4A4C26D6B57000CABCD2 /* AccountManager.swift */,
			);
			path = Managers;
			sourceTree = "<group>";
		};
		F76F4A4E26D6B8D000CABCD2 /* Models */ = {
			isa = PBXGroup;
			children = (
				F76F4A4F26D6B8E000CABCD2 /* Credentials.swift */,
				F7BA1F6826D7B82100465E97 /* News.swift */,
				F7BA1F8826D7FB1D00465E97 /* Avatar.swift */,
				F7BA1F8E26D7FF8B00465E97 /* NewsResponseModel.swift */,
				F7BA1F9026D7FF9900465E97 /* User.swift */,
				F7BA1F8C26D7FDD000465E97 /* Video.swift */,
				F7BA1F8A26D7FDBF00465E97 /* Attachment.swift */,
			);
			path = Models;
			sourceTree = "<group>";
		};
		F7BA1F5D26D7B17E00465E97 /* Views */ = {
			isa = PBXGroup;
			children = (
				F7BA1FC026D8805600465E97 /* PhotosCollectionView */,
				F7BA1F9226D8091700465E97 /* NewsCellFooterView */,
				F7BA1F8126D7EC0700465E97 /* NewsCellHeaderView */,
				F7BA1F6C26D7BAB800465E97 /* NewsTableViewCell.swift */,
				F7BA1FBE26D856A600465E97 /* PhotosCollectionViewCell.swift */,
				F7BA1F7F26D7EB8200465E97 /* UIViewWithXib.swift */,
			);
			path = Views;
			sourceTree = "<group>";
		};
		F7BA1F6026D7B49800465E97 /* Data Source */ = {
			isa = PBXGroup;
			children = (
				F7BA1F6126D7B4C800465E97 /* NewsDataSource.swift */,
				F7BA1F6326D7B4F800465E97 /* BaseDataSource.swift */,
			);
			path = "Data Source";
			sourceTree = "<group>";
		};
		F7BA1F8126D7EC0700465E97 /* NewsCellHeaderView */ = {
			isa = PBXGroup;
			children = (
				F7BA1F8226D7EC2A00465E97 /* NewsCellHeaderView.swift */,
				F7BA1F8426D7EC3800465E97 /* NewsCellHeaderView.xib */,
			);
			path = NewsCellHeaderView;
			sourceTree = "<group>";
		};
		F7BA1F9226D8091700465E97 /* NewsCellFooterView */ = {
			isa = PBXGroup;
			children = (
				F7BA1F9326D8093B00465E97 /* NewsCellFooterView.swift */,
				F7BA1F9526D8094900465E97 /* NewsCellFooterView.xib */,
			);
			path = NewsCellFooterView;
			sourceTree = "<group>";
		};
		F7BA1FC026D8805600465E97 /* PhotosCollectionView */ = {
			isa = PBXGroup;
			children = (
			);
			path = PhotosCollectionView;
			sourceTree = "<group>";
		};
/* End PBXGroup section */

/* Begin PBXNativeTarget section */
		F76F4A1626D68A9100CABCD2 /* NewsFeed */ = {
			isa = PBXNativeTarget;
			buildConfigurationList = F76F4A2B26D68A9300CABCD2 /* Build configuration list for PBXNativeTarget "NewsFeed" */;
			buildPhases = (
				F76F4A1326D68A9100CABCD2 /* Sources */,
				F76F4A1426D68A9100CABCD2 /* Frameworks */,
				F76F4A1526D68A9100CABCD2 /* Resources */,
				F76F4A3826D69C7900CABCD2 /* Embed Frameworks */,
				F7BA1F6526D7B64E00465E97 /* Run SwiftLint */,
			);
			buildRules = (
			);
			dependencies = (
			);
			name = NewsFeed;
			productName = NewsFeed;
			productReference = F76F4A1726D68A9100CABCD2 /* NewsFeed.app */;
			productType = "com.apple.product-type.application";
		};
/* End PBXNativeTarget section */

/* Begin PBXProject section */
		F76F4A0F26D68A9100CABCD2 /* Project object */ = {
			isa = PBXProject;
			attributes = {
				LastSwiftUpdateCheck = 1250;
				LastUpgradeCheck = 1250;
				TargetAttributes = {
					F76F4A1626D68A9100CABCD2 = {
						CreatedOnToolsVersion = 12.5.1;
					};
				};
			};
			buildConfigurationList = F76F4A1226D68A9100CABCD2 /* Build configuration list for PBXProject "NewsFeed" */;
			compatibilityVersion = "Xcode 9.3";
			developmentRegion = en;
			hasScannedForEncodings = 0;
			knownRegions = (
				en,
				Base,
			);
			mainGroup = F76F4A0E26D68A9100CABCD2;
			productRefGroup = F76F4A1826D68A9100CABCD2 /* Products */;
			projectDirPath = "";
			projectRoot = "";
			targets = (
				F76F4A1626D68A9100CABCD2 /* NewsFeed */,
			);
		};
/* End PBXProject section */

/* Begin PBXResourcesBuildPhase section */
		F76F4A1526D68A9100CABCD2 /* Resources */ = {
			isa = PBXResourcesBuildPhase;
			buildActionMask = 2147483647;
			files = (
				F7BA1F8526D7EC3800465E97 /* NewsCellHeaderView.xib in Resources */,
				F7BA1F6726D7B6CF00465E97 /* .swiftlint.yml in Resources */,
				F76F4A2726D68A9300CABCD2 /* LaunchScreen.storyboard in Resources */,
				F76F4A2426D68A9300CABCD2 /* Assets.xcassets in Resources */,
				F7BA1F9626D8094900465E97 /* NewsCellFooterView.xib in Resources */,
			);
			runOnlyForDeploymentPostprocessing = 0;
		};
/* End PBXResourcesBuildPhase section */

/* Begin PBXShellScriptBuildPhase section */
		F7BA1F6526D7B64E00465E97 /* Run SwiftLint */ = {
			isa = PBXShellScriptBuildPhase;
			buildActionMask = 2147483647;
			files = (
			);
			inputFileListPaths = (
			);
			inputPaths = (
			);
			name = "Run SwiftLint";
			outputFileListPaths = (
			);
			outputPaths = (
			);
			runOnlyForDeploymentPostprocessing = 0;
			shellPath = /bin/sh;
			shellScript = "if which swiftlint >/dev/null; then\n  swiftlint\nelse\n  echo \"warning: SwiftLint not installed, download from https://github.com/realm/SwiftLint\"\nfi\n";
		};
/* End PBXShellScriptBuildPhase section */

/* Begin PBXSourcesBuildPhase section */
		F76F4A1326D68A9100CABCD2 /* Sources */ = {
			isa = PBXSourcesBuildPhase;
			buildActionMask = 2147483647;
			files = (
				F7BA1F9426D8093B00465E97 /* NewsCellFooterView.swift in Sources */,
				F76F4A1F26D68A9100CABCD2 /* AuthViewController.swift in Sources */,
				F76F4A4726D6AA6C00CABCD2 /* AuthManager.swift in Sources */,
				F7BA1F7E26D7DE9700465E97 /* UILabel+LineHeight.swift in Sources */,
				F76F4A4026D6A08000CABCD2 /* Consts.swift in Sources */,
				F76F4A5026D6B8E000CABCD2 /* Credentials.swift in Sources */,
				F7BA1F9826D828D000465E97 /* UserDefaults+PropertyWrapper.swift in Sources */,
				F7BA1F8D26D7FDD000465E97 /* Video.swift in Sources */,
				F7BA1F6426D7B4F800465E97 /* BaseDataSource.swift in Sources */,
				F76F4A1B26D68A9100CABCD2 /* AppDelegate.swift in Sources */,
				F7BA1F9126D7FF9900465E97 /* User.swift in Sources */,
				F7BA1FBF26D856A600465E97 /* PhotosCollectionViewCell.swift in Sources */,
				F7BA1F5A26D6E82900465E97 /* Alert.swift in Sources */,
				F7BA1F8926D7FB1D00465E97 /* Avatar.swift in Sources */,
				F7BA1F6E26D7BAB800465E97 /* NewsTableViewCell.swift in Sources */,
				F7BA1F8B26D7FDBF00465E97 /* Attachment.swift in Sources */,
				F7BA1F8F26D7FF8B00465E97 /* NewsResponseModel.swift in Sources */,
				F76F4A4D26D6B57000CABCD2 /* AccountManager.swift in Sources */,
				F7BA1F7C26D7DD5000465E97 /* UIView+Constraints.swift in Sources */,
				F7BA1F8326D7EC2A00465E97 /* NewsCellHeaderView.swift in Sources */,
				F7BA1F7826D7DD0D00465E97 /* UILabel+LetterSpacing.swift in Sources */,
				F76F4A1D26D68A9100CABCD2 /* SceneDelegate.swift in Sources */,
				F7BA1F8026D7EB8200465E97 /* UIViewWithXib.swift in Sources */,
				F76F4A3A26D69F7600CABCD2 /* NewsFeedViewController.swift in Sources */,
				F7BA1F5C26D7A6FD00465E97 /* UIColor+AppSchemeColors.swift in Sources */,
				F7BA1F6926D7B82100465E97 /* News.swift in Sources */,
				F7BA1F7626D7D86500465E97 /* UIImage+AppIcons.swift in Sources */,
				F7BA1F7A26D7DD2F00465E97 /* UIApplication+TopViewController.swift in Sources */,
				F7BA1F6226D7B4C800465E97 /* NewsDataSource.swift in Sources */,
				F7BA1F6B26D7B8CE00465E97 /* NFTypes.swift in Sources */,
			);
			runOnlyForDeploymentPostprocessing = 0;
		};
/* End PBXSourcesBuildPhase section */

/* Begin PBXVariantGroup section */
		F76F4A2526D68A9300CABCD2 /* LaunchScreen.storyboard */ = {
			isa = PBXVariantGroup;
			children = (
				F76F4A2626D68A9300CABCD2 /* Base */,
			);
			name = LaunchScreen.storyboard;
			sourceTree = "<group>";
		};
/* End PBXVariantGroup section */

/* Begin XCBuildConfiguration section */
		F76F4A2926D68A9300CABCD2 /* Debug */ = {
			isa = XCBuildConfiguration;
			buildSettings = {
				ALWAYS_SEARCH_USER_PATHS = NO;
				CLANG_ANALYZER_NONNULL = YES;
				CLANG_ANALYZER_NUMBER_OBJECT_CONVERSION = YES_AGGRESSIVE;
				CLANG_CXX_LANGUAGE_STANDARD = "gnu++14";
				CLANG_CXX_LIBRARY = "libc++";
				CLANG_ENABLE_MODULES = YES;
				CLANG_ENABLE_OBJC_ARC = YES;
				CLANG_ENABLE_OBJC_WEAK = YES;
				CLANG_WARN_BLOCK_CAPTURE_AUTORELEASING = YES;
				CLANG_WARN_BOOL_CONVERSION = YES;
				CLANG_WARN_COMMA = YES;
				CLANG_WARN_CONSTANT_CONVERSION = YES;
				CLANG_WARN_DEPRECATED_OBJC_IMPLEMENTATIONS = YES;
				CLANG_WARN_DIRECT_OBJC_ISA_USAGE = YES_ERROR;
				CLANG_WARN_DOCUMENTATION_COMMENTS = YES;
				CLANG_WARN_EMPTY_BODY = YES;
				CLANG_WARN_ENUM_CONVERSION = YES;
				CLANG_WARN_INFINITE_RECURSION = YES;
				CLANG_WARN_INT_CONVERSION = YES;
				CLANG_WARN_NON_LITERAL_NULL_CONVERSION = YES;
				CLANG_WARN_OBJC_IMPLICIT_RETAIN_SELF = YES;
				CLANG_WARN_OBJC_LITERAL_CONVERSION = YES;
				CLANG_WARN_OBJC_ROOT_CLASS = YES_ERROR;
				CLANG_WARN_QUOTED_INCLUDE_IN_FRAMEWORK_HEADER = YES;
				CLANG_WARN_RANGE_LOOP_ANALYSIS = YES;
				CLANG_WARN_STRICT_PROTOTYPES = YES;
				CLANG_WARN_SUSPICIOUS_MOVE = YES;
				CLANG_WARN_UNGUARDED_AVAILABILITY = YES_AGGRESSIVE;
				CLANG_WARN_UNREACHABLE_CODE = YES;
				CLANG_WARN__DUPLICATE_METHOD_MATCH = YES;
				COPY_PHASE_STRIP = NO;
				DEBUG_INFORMATION_FORMAT = dwarf;
				ENABLE_STRICT_OBJC_MSGSEND = YES;
				ENABLE_TESTABILITY = YES;
				GCC_C_LANGUAGE_STANDARD = gnu11;
				GCC_DYNAMIC_NO_PIC = NO;
				GCC_NO_COMMON_BLOCKS = YES;
				GCC_OPTIMIZATION_LEVEL = 0;
				GCC_PREPROCESSOR_DEFINITIONS = (
					"DEBUG=1",
					"$(inherited)",
				);
				GCC_WARN_64_TO_32_BIT_CONVERSION = YES;
				GCC_WARN_ABOUT_RETURN_TYPE = YES_ERROR;
				GCC_WARN_UNDECLARED_SELECTOR = YES;
				GCC_WARN_UNINITIALIZED_AUTOS = YES_AGGRESSIVE;
				GCC_WARN_UNUSED_FUNCTION = YES;
				GCC_WARN_UNUSED_VARIABLE = YES;
				IPHONEOS_DEPLOYMENT_TARGET = 13.0;
				MTL_ENABLE_DEBUG_INFO = INCLUDE_SOURCE;
				MTL_FAST_MATH = YES;
				ONLY_ACTIVE_ARCH = YES;
				SDKROOT = iphoneos;
				SWIFT_ACTIVE_COMPILATION_CONDITIONS = DEBUG;
				SWIFT_OPTIMIZATION_LEVEL = "-Onone";
			};
			name = Debug;
		};
		F76F4A2A26D68A9300CABCD2 /* Release */ = {
			isa = XCBuildConfiguration;
			buildSettings = {
				ALWAYS_SEARCH_USER_PATHS = NO;
				CLANG_ANALYZER_NONNULL = YES;
				CLANG_ANALYZER_NUMBER_OBJECT_CONVERSION = YES_AGGRESSIVE;
				CLANG_CXX_LANGUAGE_STANDARD = "gnu++14";
				CLANG_CXX_LIBRARY = "libc++";
				CLANG_ENABLE_MODULES = YES;
				CLANG_ENABLE_OBJC_ARC = YES;
				CLANG_ENABLE_OBJC_WEAK = YES;
				CLANG_WARN_BLOCK_CAPTURE_AUTORELEASING = YES;
				CLANG_WARN_BOOL_CONVERSION = YES;
				CLANG_WARN_COMMA = YES;
				CLANG_WARN_CONSTANT_CONVERSION = YES;
				CLANG_WARN_DEPRECATED_OBJC_IMPLEMENTATIONS = YES;
				CLANG_WARN_DIRECT_OBJC_ISA_USAGE = YES_ERROR;
				CLANG_WARN_DOCUMENTATION_COMMENTS = YES;
				CLANG_WARN_EMPTY_BODY = YES;
				CLANG_WARN_ENUM_CONVERSION = YES;
				CLANG_WARN_INFINITE_RECURSION = YES;
				CLANG_WARN_INT_CONVERSION = YES;
				CLANG_WARN_NON_LITERAL_NULL_CONVERSION = YES;
				CLANG_WARN_OBJC_IMPLICIT_RETAIN_SELF = YES;
				CLANG_WARN_OBJC_LITERAL_CONVERSION = YES;
				CLANG_WARN_OBJC_ROOT_CLASS = YES_ERROR;
				CLANG_WARN_QUOTED_INCLUDE_IN_FRAMEWORK_HEADER = YES;
				CLANG_WARN_RANGE_LOOP_ANALYSIS = YES;
				CLANG_WARN_STRICT_PROTOTYPES = YES;
				CLANG_WARN_SUSPICIOUS_MOVE = YES;
				CLANG_WARN_UNGUARDED_AVAILABILITY = YES_AGGRESSIVE;
				CLANG_WARN_UNREACHABLE_CODE = YES;
				CLANG_WARN__DUPLICATE_METHOD_MATCH = YES;
				COPY_PHASE_STRIP = NO;
				DEBUG_INFORMATION_FORMAT = "dwarf-with-dsym";
				ENABLE_NS_ASSERTIONS = NO;
				ENABLE_STRICT_OBJC_MSGSEND = YES;
				GCC_C_LANGUAGE_STANDARD = gnu11;
				GCC_NO_COMMON_BLOCKS = YES;
				GCC_WARN_64_TO_32_BIT_CONVERSION = YES;
				GCC_WARN_ABOUT_RETURN_TYPE = YES_ERROR;
				GCC_WARN_UNDECLARED_SELECTOR = YES;
				GCC_WARN_UNINITIALIZED_AUTOS = YES_AGGRESSIVE;
				GCC_WARN_UNUSED_FUNCTION = YES;
				GCC_WARN_UNUSED_VARIABLE = YES;
				IPHONEOS_DEPLOYMENT_TARGET = 13.0;
				MTL_ENABLE_DEBUG_INFO = NO;
				MTL_FAST_MATH = YES;
				SDKROOT = iphoneos;
				SWIFT_COMPILATION_MODE = wholemodule;
				SWIFT_OPTIMIZATION_LEVEL = "-O";
				VALIDATE_PRODUCT = YES;
			};
			name = Release;
		};
		F76F4A2C26D68A9300CABCD2 /* Debug */ = {
			isa = XCBuildConfiguration;
			buildSettings = {
				ASSETCATALOG_COMPILER_APPICON_NAME = AppIcon;
				ASSETCATALOG_COMPILER_GLOBAL_ACCENT_COLOR_NAME = AccentColor;
				CODE_SIGN_STYLE = Automatic;
				DEVELOPMENT_TEAM = Q4L92P5BF3;
				INFOPLIST_FILE = "/Users/marcosvicente/Documents/Xcode/MyProjects/NewsFeed/NewsFeed/Supporting Files/Info.plist";
				IPHONEOS_DEPLOYMENT_TARGET = 13.0;
				LD_RUNPATH_SEARCH_PATHS = (
					"$(inherited)",
					"@executable_path/Frameworks",
				);
				PRODUCT_BUNDLE_IDENTIFIER = com.mwmv.NewsFeed;
				PRODUCT_NAME = "$(TARGET_NAME)";
				SWIFT_VERSION = 5.0;
				TARGETED_DEVICE_FAMILY = 1;
			};
			name = Debug;
		};
		F76F4A2D26D68A9300CABCD2 /* Release */ = {
			isa = XCBuildConfiguration;
			buildSettings = {
				ASSETCATALOG_COMPILER_APPICON_NAME = AppIcon;
				ASSETCATALOG_COMPILER_GLOBAL_ACCENT_COLOR_NAME = AccentColor;
				CODE_SIGN_STYLE = Automatic;
				DEVELOPMENT_TEAM = Q4L92P5BF3;
				INFOPLIST_FILE = "/Users/marcosvicente/Documents/Xcode/MyProjects/NewsFeed/NewsFeed/Supporting Files/Info.plist";
				IPHONEOS_DEPLOYMENT_TARGET = 13.0;
				LD_RUNPATH_SEARCH_PATHS = (
					"$(inherited)",
					"@executable_path/Frameworks",
				);
				PRODUCT_BUNDLE_IDENTIFIER = com.mwmv.NewsFeed;
				PRODUCT_NAME = "$(TARGET_NAME)";
				SWIFT_VERSION = 5.0;
				TARGETED_DEVICE_FAMILY = 1;
			};
			name = Release;
		};
/* End XCBuildConfiguration section */

/* Begin XCConfigurationList section */
		F76F4A1226D68A9100CABCD2 /* Build configuration list for PBXProject "NewsFeed" */ = {
			isa = XCConfigurationList;
			buildConfigurations = (
				F76F4A2926D68A9300CABCD2 /* Debug */,
				F76F4A2A26D68A9300CABCD2 /* Release */,
			);
			defaultConfigurationIsVisible = 0;
			defaultConfigurationName = Release;
		};
		F76F4A2B26D68A9300CABCD2 /* Build configuration list for PBXNativeTarget "NewsFeed" */ = {
			isa = XCConfigurationList;
			buildConfigurations = (
				F76F4A2C26D68A9300CABCD2 /* Debug */,
				F76F4A2D26D68A9300CABCD2 /* Release */,
			);
			defaultConfigurationIsVisible = 0;
			defaultConfigurationName = Release;
		};
/* End XCConfigurationList section */
	};
	rootObject = F76F4A0F26D68A9100CABCD2 /* Project object */;
}
